
Microsoft Visual Studio Solution File, Format Version 11.00
# Visual Studio 2010
Project("{6989167D-11E4-40FE-8C1A-2192A86A7E90}") = "celula", "celula.vfproj", "{7772558D-DA5E-4AEF-9FCB-1426EFCC106A}"
EndProject
Global
	GlobalSection(SolutionConfigurationPlatforms) = preSolution
		Debug|Win32 = Debug|Win32
		Release|Win32 = Release|Win32
	EndGlobalSection
	GlobalSection(ProjectConfigurationPlatforms) = postSolution
		{7772558D-DA5E-4AEF-9FCB-1426EFCC106A}.Debug|Win32.ActiveCfg = Debug|Win32
		{7772558D-DA5E-4AEF-9FCB-1426EFCC106A}.Debug|Win32.Build.0 = Debug|Win32
		{7772558D-DA5E-4AEF-9FCB-1426EFCC106A}.Release|Win32.ActiveCfg = Release|Win32
		{7772558D-DA5E-4AEF-9FCB-1426EFCC106A}.Release|Win32.Build.0 = Release|Win32
	EndGlobalSection
	GlobalSection(SolutionProperties) = preSolution
		HideSolutionNode = FALSE
	EndGlobalSection
EndGlobal
